// !$*UTF8*$!
{
	archiveVersion = 1;
	classes = {
	};
	objectVersion = 46;
	objects = {

/* Begin PBXBuildFile section */
		4F067C8E1B82231200EC5BF8 /* UserService.m in Sources */ = {isa = PBXBuildFile; fileRef = 4F067C8D1B82231200EC5BF8 /* UserService.m */; };
		4F067C911B8226FE00EC5BF8 /* MainPage.m in Sources */ = {isa = PBXBuildFile; fileRef = 4F067C901B8226FE00EC5BF8 /* MainPage.m */; };
		4F18F7EF1B7F8C5100248AA7 /* BasePage.m in Sources */ = {isa = PBXBuildFile; fileRef = 4F18F7EE1B7F8C5100248AA7 /* BasePage.m */; };
		4F18F7F21B7F8CAB00248AA7 /* IndexPage.m in Sources */ = {isa = PBXBuildFile; fileRef = 4F18F7F11B7F8CAB00248AA7 /* IndexPage.m */; };
		4F18F7F51B7F8DBC00248AA7 /* Controller.m in Sources */ = {isa = PBXBuildFile; fileRef = 4F18F7F41B7F8DBC00248AA7 /* Controller.m */; };
		4F18F7F81B7F9AF500248AA7 /* PageConstants.m in Sources */ = {isa = PBXBuildFile; fileRef = 4F18F7F71B7F9AF500248AA7 /* PageConstants.m */; };
		4F18F81C1B7FA9A600248AA7 /* Testgroup.m in Sources */ = {isa = PBXBuildFile; fileRef = 4F18F81B1B7FA9A600248AA7 /* Testgroup.m */; };
		4F2ABAA91B7F33C800EBFEE9 /* Console.m in Sources */ = {isa = PBXBuildFile; fileRef = 4F2ABAA81B7F33C800EBFEE9 /* Console.m */; };
		4F2ABAAC1B7F4D3000EBFEE9 /* ConvertUtils.m in Sources */ = {isa = PBXBuildFile; fileRef = 4F2ABAAB1B7F4D3000EBFEE9 /* ConvertUtils.m */; };
		4F6E017F1B7F2DEC00FD5523 /* main.m in Sources */ = {isa = PBXBuildFile; fileRef = 4F6E017E1B7F2DEC00FD5523 /* main.m */; };
		4F6E01871B7F300D00FD5523 /* Client.m in Sources */ = {isa = PBXBuildFile; fileRef = 4F6E01861B7F300D00FD5523 /* Client.m */; };
/* End PBXBuildFile section */

/* Begin PBXCopyFilesBuildPhase section */
		4F6E01791B7F2DEC00FD5523 /* CopyFiles */ = {
			isa = PBXCopyFilesBuildPhase;
			buildActionMask = 2147483647;
			dstPath = /usr/share/man/man1/;
			dstSubfolderSpec = 0;
			files = (
			);
			runOnlyForDeploymentPostprocessing = 1;
		};
/* End PBXCopyFilesBuildPhase section */

/* Begin PBXFileReference section */
		4F067C8C1B82231200EC5BF8 /* UserService.h */ = {isa = PBXFileReference; fileEncoding = 4; lastKnownFileType = sourcecode.c.h; name = UserService.h; path = OcDemo/service/UserService.h; sourceTree = "<group>"; };
		4F067C8D1B82231200EC5BF8 /* UserService.m */ = {isa = PBXFileReference; fileEncoding = 4; lastKnownFileType = sourcecode.c.objc; name = UserService.m; path = OcDemo/service/UserService.m; sourceTree = "<group>"; };
		4F067C8F1B8226FE00EC5BF8 /* MainPage.h */ = {isa = PBXFileReference; fileEncoding = 4; lastKnownFileType = sourcecode.c.h; name = MainPage.h; path = client/MainPage.h; sourceTree = "<group>"; };
		4F067C901B8226FE00EC5BF8 /* MainPage.m */ = {isa = PBXFileReference; fileEncoding = 4; lastKnownFileType = sourcecode.c.objc; name = MainPage.m; path = client/MainPage.m; sourceTree = "<group>"; };
		4F18F7ED1B7F8C5100248AA7 /* BasePage.h */ = {isa = PBXFileReference; fileEncoding = 4; lastKnownFileType = sourcecode.c.h; name = BasePage.h; path = client/BasePage.h; sourceTree = "<group>"; };
		4F18F7EE1B7F8C5100248AA7 /* BasePage.m */ = {isa = PBXFileReference; fileEncoding = 4; lastKnownFileType = sourcecode.c.objc; name = BasePage.m; path = client/BasePage.m; sourceTree = "<group>"; };
		4F18F7F01B7F8CAB00248AA7 /* IndexPage.h */ = {isa = PBXFileReference; fileEncoding = 4; lastKnownFileType = sourcecode.c.h; name = IndexPage.h; path = client/IndexPage.h; sourceTree = "<group>"; };
		4F18F7F11B7F8CAB00248AA7 /* IndexPage.m */ = {isa = PBXFileReference; fileEncoding = 4; lastKnownFileType = sourcecode.c.objc; name = IndexPage.m; path = client/IndexPage.m; sourceTree = "<group>"; };
		4F18F7F31B7F8DBC00248AA7 /* Controller.h */ = {isa = PBXFileReference; fileEncoding = 4; lastKnownFileType = sourcecode.c.h; name = Controller.h; path = client/Controller.h; sourceTree = "<group>"; };
		4F18F7F41B7F8DBC00248AA7 /* Controller.m */ = {isa = PBXFileReference; fileEncoding = 4; lastKnownFileType = sourcecode.c.objc; name = Controller.m; path = client/Controller.m; sourceTree = "<group>"; };
		4F18F7F61B7F9AF500248AA7 /* PageConstants.h */ = {isa = PBXFileReference; fileEncoding = 4; lastKnownFileType = sourcecode.c.h; name = PageConstants.h; path = client/PageConstants.h; sourceTree = "<group>"; };
		4F18F7F71B7F9AF500248AA7 /* PageConstants.m */ = {isa = PBXFileReference; fileEncoding = 4; lastKnownFileType = sourcecode.c.objc; name = PageConstants.m; path = client/PageConstants.m; sourceTree = "<group>"; };
		4F18F81A1B7FA9A600248AA7 /* Testgroup.h */ = {isa = PBXFileReference; fileEncoding = 4; lastKnownFileType = sourcecode.c.h; name = Testgroup.h; path = OcDemo/utils/Testgroup.h; sourceTree = "<group>"; };
		4F18F81B1B7FA9A600248AA7 /* Testgroup.m */ = {isa = PBXFileReference; fileEncoding = 4; lastKnownFileType = sourcecode.c.objc; name = Testgroup.m; path = OcDemo/utils/Testgroup.m; sourceTree = "<group>"; };
		4F2ABAA71B7F33C800EBFEE9 /* Console.h */ = {isa = PBXFileReference; fileEncoding = 4; lastKnownFileType = sourcecode.c.h; name = Console.h; path = client/Console.h; sourceTree = "<group>"; };
		4F2ABAA81B7F33C800EBFEE9 /* Console.m */ = {isa = PBXFileReference; fileEncoding = 4; lastKnownFileType = sourcecode.c.objc; name = Console.m; path = client/Console.m; sourceTree = "<group>"; };
		4F2ABAAA1B7F4D3000EBFEE9 /* ConvertUtils.h */ = {isa = PBXFileReference; fileEncoding = 4; lastKnownFileType = sourcecode.c.h; name = ConvertUtils.h; path = utils/ConvertUtils.h; sourceTree = "<group>"; };
		4F2ABAAB1B7F4D3000EBFEE9 /* ConvertUtils.m */ = {isa = PBXFileReference; fileEncoding = 4; lastKnownFileType = sourcecode.c.objc; name = ConvertUtils.m; path = utils/ConvertUtils.m; sourceTree = "<group>"; };
		4F6E017B1B7F2DEC00FD5523 /* OcDemo */ = {isa = PBXFileReference; explicitFileType = "compiled.mach-o.executable"; includeInIndex = 0; path = OcDemo; sourceTree = BUILT_PRODUCTS_DIR; };
		4F6E017E1B7F2DEC00FD5523 /* main.m */ = {isa = PBXFileReference; lastKnownFileType = sourcecode.c.objc; path = main.m; sourceTree = "<group>"; };
		4F6E01851B7F300D00FD5523 /* Client.h */ = {isa = PBXFileReference; fileEncoding = 4; lastKnownFileType = sourcecode.c.h; name = Client.h; path = client/Client.h; sourceTree = "<group>"; };
		4F6E01861B7F300D00FD5523 /* Client.m */ = {isa = PBXFileReference; fileEncoding = 4; lastKnownFileType = sourcecode.c.objc; name = Client.m; path = client/Client.m; sourceTree = "<group>"; };
/* End PBXFileReference section */

/* Begin PBXFrameworksBuildPhase section */
		4F6E01781B7F2DEC00FD5523 /* Frameworks */ = {
			isa = PBXFrameworksBuildPhase;
			buildActionMask = 2147483647;
			files = (
			);
			runOnlyForDeploymentPostprocessing = 0;
		};
/* End PBXFrameworksBuildPhase section */

/* Begin PBXGroup section */
		4F067C8B1B8222F300EC5BF8 /* service */ = {
			isa = PBXGroup;
			children = (
				4F067C8C1B82231200EC5BF8 /* UserService.h */,
				4F067C8D1B82231200EC5BF8 /* UserService.m */,
			);
			name = service;
			sourceTree = "<group>";
		};
		4F18F8191B7FA97900248AA7 /* utils */ = {
			isa = PBXGroup;
			children = (
				4F18F81A1B7FA9A600248AA7 /* Testgroup.h */,
				4F18F81B1B7FA9A600248AA7 /* Testgroup.m */,
			);
			name = utils;
			sourceTree = "<group>";
		};
		4F6E01721B7F2DEC00FD5523 = {
			isa = PBXGroup;
			children = (
				4F067C8B1B8222F300EC5BF8 /* service */,
				4F18F8191B7FA97900248AA7 /* utils */,
				4F6E017D1B7F2DEC00FD5523 /* client */,
				4F6E017C1B7F2DEC00FD5523 /* Products */,
			);
			sourceTree = "<group>";
		};
		4F6E017C1B7F2DEC00FD5523 /* Products */ = {
			isa = PBXGroup;
			children = (
				4F6E017B1B7F2DEC00FD5523 /* OcDemo */,
			);
			name = Products;
			sourceTree = "<group>";
		};
		4F6E017D1B7F2DEC00FD5523 /* client */ = {
			isa = PBXGroup;
			children = (
				4F6E017E1B7F2DEC00FD5523 /* main.m */,
				4F6E01851B7F300D00FD5523 /* Client.h */,
				4F6E01861B7F300D00FD5523 /* Client.m */,
				4F18F7F31B7F8DBC00248AA7 /* Controller.h */,
				4F18F7F41B7F8DBC00248AA7 /* Controller.m */,
				4F067C8F1B8226FE00EC5BF8 /* MainPage.h */,
				4F067C901B8226FE00EC5BF8 /* MainPage.m */,
				4F2ABAA71B7F33C800EBFEE9 /* Console.h */,
				4F2ABAA81B7F33C800EBFEE9 /* Console.m */,
				4F2ABAAA1B7F4D3000EBFEE9 /* ConvertUtils.h */,
				4F2ABAAB1B7F4D3000EBFEE9 /* ConvertUtils.m */,
				4F18F7ED1B7F8C5100248AA7 /* BasePage.h */,
				4F18F7EE1B7F8C5100248AA7 /* BasePage.m */,
				4F18F7F01B7F8CAB00248AA7 /* IndexPage.h */,
				4F18F7F11B7F8CAB00248AA7 /* IndexPage.m */,
				4F18F7F61B7F9AF500248AA7 /* PageConstants.h */,
				4F18F7F71B7F9AF500248AA7 /* PageConstants.m */,
			);
			name = client;
			path = OcDemo;
			sourceTree = "<group>";
		};
/* End PBXGroup section */

/* Begin PBXNativeTarget section */
		4F6E017A1B7F2DEC00FD5523 /* OcDemo */ = {
			isa = PBXNativeTarget;
			buildConfigurationList = 4F6E01821B7F2DEC00FD5523 /* Build configuration list for PBXNativeTarget "OcDemo" */;
			buildPhases = (
				4F6E01771B7F2DEC00FD5523 /* Sources */,
				4F6E01781B7F2DEC00FD5523 /* Frameworks */,
				4F6E01791B7F2DEC00FD5523 /* CopyFiles */,
			);
			buildRules = (
			);
			dependencies = (
			);
			name = OcDemo;
			productName = OcDemo;
			productReference = 4F6E017B1B7F2DEC00FD5523 /* OcDemo */;
			productType = "com.apple.product-type.tool";
		};
/* End PBXNativeTarget section */

/* Begin PBXProject section */
		4F6E01731B7F2DEC00FD5523 /* Project object */ = {
			isa = PBXProject;
			attributes = {
				LastUpgradeCheck = 0640;
				ORGANIZATIONNAME = "陈锐";
				TargetAttributes = {
					4F6E017A1B7F2DEC00FD5523 = {
						CreatedOnToolsVersion = 6.4;
					};
				};
			};
			buildConfigurationList = 4F6E01761B7F2DEC00FD5523 /* Build configuration list for PBXProject "OcDemo" */;
			compatibilityVersion = "Xcode 3.2";
			developmentRegion = English;
			hasScannedForEncodings = 0;
			knownRegions = (
				en,
			);
			mainGroup = 4F6E01721B7F2DEC00FD5523;
			productRefGroup = 4F6E017C1B7F2DEC00FD5523 /* Products */;
			projectDirPath = "";
			projectRoot = "";
			targets = (
				4F6E017A1B7F2DEC00FD5523 /* OcDemo */,
			);
		};
/* End PBXProject section */

/* Begin PBXSourcesBuildPhase section */
		4F6E01771B7F2DEC00FD5523 /* Sources */ = {
			isa = PBXSourcesBuildPhase;
			buildActionMask = 2147483647;
			files = (
				4F6E01871B7F300D00FD5523 /* Client.m in Sources */,
				4F2ABAA91B7F33C800EBFEE9 /* Console.m in Sources */,
				4F18F7EF1B7F8C5100248AA7 /* BasePage.m in Sources */,
				4F6E017F1B7F2DEC00FD5523 /* main.m in Sources */,
				4F18F7F81B7F9AF500248AA7 /* PageConstants.m in Sources */,
				4F18F81C1B7FA9A600248AA7 /* Testgroup.m in Sources */,
				4F2ABAAC1B7F4D3000EBFEE9 /* ConvertUtils.m in Sources */,
				4F18F7F51B7F8DBC00248AA7 /* Controller.m in Sources */,
				4F067C911B8226FE00EC5BF8 /* MainPage.m in Sources */,
				4F067C8E1B82231200EC5BF8 /* UserService.m in Sources */,
				4F18F7F21B7F8CAB00248AA7 /* IndexPage.m in Sources */,
			);
			runOnlyForDeploymentPostprocessing = 0;
		};
/* End PBXSourcesBuildPhase section */

/* Begin XCBuildConfiguration section */
		4F6E01801B7F2DEC00FD5523 /* Debug */ = {
			isa = XCBuildConfiguration;
			buildSettings = {
				ALWAYS_SEARCH_USER_PATHS = NO;
				CLANG_CXX_LANGUAGE_STANDARD = "gnu++0x";
				CLANG_CXX_LIBRARY = "libc++";
				CLANG_ENABLE_MODULES = YES;
				CLANG_ENABLE_OBJC_ARC = YES;
				CLANG_WARN_BOOL_CONVERSION = YES;
				CLANG_WARN_CONSTANT_CONVERSION = YES;
				CLANG_WARN_DIRECT_OBJC_ISA_USAGE = YES_ERROR;
				CLANG_WARN_EMPTY_BODY = YES;
				CLANG_WARN_ENUM_CONVERSION = YES;
				CLANG_WARN_INT_CONVERSION = YES;
				CLANG_WARN_OBJC_ROOT_CLASS = YES_ERROR;
				CLANG_WARN_UNREACHABLE_CODE = YES;
				CLANG_WARN__DUPLICATE_METHOD_MATCH = YES;
				COPY_PHASE_STRIP = NO;
				DEBUG_INFORMATION_FORMAT = dwarf;
				ENABLE_STRICT_OBJC_MSGSEND = YES;
				GCC_C_LANGUAGE_STANDARD = gnu99;
				GCC_DYNAMIC_NO_PIC = NO;
				GCC_NO_COMMON_BLOCKS = YES;
				GCC_OPTIMIZATION_LEVEL = 0;
				GCC_PREPROCESSOR_DEFINITIONS = (
					"DEBUG=1",
					"$(inherited)",
				);
				GCC_SYMBOLS_PRIVATE_EXTERN = NO;
				GCC_WARN_64_TO_32_BIT_CONVERSION = YES;
				GCC_WARN_ABOUT_RETURN_TYPE = YES_ERROR;
				GCC_WARN_UNDECLARED_SELECTOR = YES;
				GCC_WARN_UNINITIALIZED_AUTOS = YES_AGGRESSIVE;
				GCC_WARN_UNUSED_FUNCTION = YES;
				GCC_WARN_UNUSED_VARIABLE = YES;
				MACOSX_DEPLOYMENT_TARGET = 10.10;
				MTL_ENABLE_DEBUG_INFO = YES;
				ONLY_ACTIVE_ARCH = YES;
				SDKROOT = macosx;
			};
			name = Debug;
		};
		4F6E01811B7F2DEC00FD5523 /* Release */ = {
			isa = XCBuildConfiguration;
			buildSettings = {
				ALWAYS_SEARCH_USER_PATHS = NO;
				CLANG_CXX_LANGUAGE_STANDARD = "gnu++0x";
				CLANG_CXX_LIBRARY = "libc++";
				CLANG_ENABLE_MODULES = YES;
				CLANG_ENABLE_OBJC_ARC = YES;
				CLANG_WARN_BOOL_CONVERSION = YES;
				CLANG_WARN_CONSTANT_CONVERSION = YES;
				CLANG_WARN_DIRECT_OBJC_ISA_USAGE = YES_ERROR;
				CLANG_WARN_EMPTY_BODY = YES;
				CLANG_WARN_ENUM_CONVERSION = YES;
				CLANG_WARN_INT_CONVERSION = YES;
				CLANG_WARN_OBJC_ROOT_CLASS = YES_ERROR;
				CLANG_WARN_UNREACHABLE_CODE = YES;
				CLANG_WARN__DUPLICATE_METHOD_MATCH = YES;
				COPY_PHASE_STRIP = NO;
				DEBUG_INFORMATION_FORMAT = "dwarf-with-dsym";
				ENABLE_NS_ASSERTIONS = NO;
				ENABLE_STRICT_OBJC_MSGSEND = YES;
				GCC_C_LANGUAGE_STANDARD = gnu99;
				GCC_NO_COMMON_BLOCKS = YES;
				GCC_WARN_64_TO_32_BIT_CONVERSION = YES;
				GCC_WARN_ABOUT_RETURN_TYPE = YES_ERROR;
				GCC_WARN_UNDECLARED_SELECTOR = YES;
				GCC_WARN_UNINITIALIZED_AUTOS = YES_AGGRESSIVE;
				GCC_WARN_UNUSED_FUNCTION = YES;
				GCC_WARN_UNUSED_VARIABLE = YES;
				MACOSX_DEPLOYMENT_TARGET = 10.10;
				MTL_ENABLE_DEBUG_INFO = NO;
				SDKROOT = macosx;
			};
			name = Release;
		};
		4F6E01831B7F2DEC00FD5523 /* Debug */ = {
			isa = XCBuildConfiguration;
			buildSettings = {
				PRODUCT_NAME = "$(TARGET_NAME)";
			};
			name = Debug;
		};
		4F6E01841B7F2DEC00FD5523 /* Release */ = {
			isa = XCBuildConfiguration;
			buildSettings = {
				PRODUCT_NAME = "$(TARGET_NAME)";
			};
			name = Release;
		};
/* End XCBuildConfiguration section */

/* Begin XCConfigurationList section */
		4F6E01761B7F2DEC00FD5523 /* Build configuration list for PBXProject "OcDemo" */ = {
			isa = XCConfigurationList;
			buildConfigurations = (
				4F6E01801B7F2DEC00FD5523 /* Debug */,
				4F6E01811B7F2DEC00FD5523 /* Release */,
			);
			defaultConfigurationIsVisible = 0;
			defaultConfigurationName = Release;
		};
		4F6E01821B7F2DEC00FD5523 /* Build configuration list for PBXNativeTarget "OcDemo" */ = {
			isa = XCConfigurationList;
			buildConfigurations = (
				4F6E01831B7F2DEC00FD5523 /* Debug */,
				4F6E01841B7F2DEC00FD5523 /* Release */,
			);
			defaultConfigurationIsVisible = 0;
			defaultConfigurationName = Release;
		};
/* End XCConfigurationList section */
	};
	rootObject = 4F6E01731B7F2DEC00FD5523 /* Project object */;
}
